// !$*UTF8*$!
{
	archiveVersion = 1;
	classes = {
	};
	objectVersion = 51;
	objects = {

/* Begin PBXBuildFile section */
		262672062659006C00F5DED3 /* Javascript.swift in Sources */ = {isa = PBXBuildFile; fileRef = 262672052659006C00F5DED3 /* Javascript.swift */; };
		2627CD8A26575B9D00DC2C6D /* WKWebViewController.swift in Sources */ = {isa = PBXBuildFile; fileRef = 2627CD8926575B9D00DC2C6D /* WKWebViewController.swift */; };
		2627CD8D26575B9D00DC2C6D /* Main.storyboard in Resources */ = {isa = PBXBuildFile; fileRef = 2627CD8B26575B9D00DC2C6D /* Main.storyboard */; };
		2627CD8F26575BA100DC2C6D /* Assets.xcassets in Resources */ = {isa = PBXBuildFile; fileRef = 2627CD8E26575BA100DC2C6D /* Assets.xcassets */; };
		2627CD9D26575BA100DC2C6D /* DriverTests.swift in Sources */ = {isa = PBXBuildFile; fileRef = 2627CD9C26575BA100DC2C6D /* DriverTests.swift */; };
		2627CDA826575BA100DC2C6D /* DriverUITests.swift in Sources */ = {isa = PBXBuildFile; fileRef = 2627CDA726575BA100DC2C6D /* DriverUITests.swift */; };
		2627CDBA26575ECD00DC2C6D /* Appearance.swift in Sources */ = {isa = PBXBuildFile; fileRef = 2627CDB626575ECD00DC2C6D /* Appearance.swift */; };
		2627CDBB26575ECD00DC2C6D /* WindowService.swift in Sources */ = {isa = PBXBuildFile; fileRef = 2627CDB726575ECD00DC2C6D /* WindowService.swift */; };
		2627CDBC26575ECD00DC2C6D /* LoggerService.swift in Sources */ = {isa = PBXBuildFile; fileRef = 2627CDB826575ECD00DC2C6D /* LoggerService.swift */; };
		2627CDBD26575ECD00DC2C6D /* AppStartupService.swift in Sources */ = {isa = PBXBuildFile; fileRef = 2627CDB926575ECD00DC2C6D /* AppStartupService.swift */; };
		2627CDC326575EEA00DC2C6D /* AppServiceManager.swift in Sources */ = {isa = PBXBuildFile; fileRef = 2627CDBF26575EEA00DC2C6D /* AppServiceManager.swift */; };
		2627CDC426575EEA00DC2C6D /* AppDelegate.swift in Sources */ = {isa = PBXBuildFile; fileRef = 2627CDC026575EEA00DC2C6D /* AppDelegate.swift */; };
		2627CDC526575EEA00DC2C6D /* App.swift in Sources */ = {isa = PBXBuildFile; fileRef = 2627CDC126575EEA00DC2C6D /* App.swift */; };
		2627CDC626575EEA00DC2C6D /* SceneDelegate.swift in Sources */ = {isa = PBXBuildFile; fileRef = 2627CDC226575EEA00DC2C6D /* SceneDelegate.swift */; };
		2627CDC826575F3B00DC2C6D /* Cache.swift in Sources */ = {isa = PBXBuildFile; fileRef = 2627CDC726575F3B00DC2C6D /* Cache.swift */; };
		2627CDCA26577C4D00DC2C6D /* Colors.xcassets in Resources */ = {isa = PBXBuildFile; fileRef = 2627CDC926577C4D00DC2C6D /* Colors.xcassets */; };
		2627CDCF26577D7000DC2C6D /* Bundle+Extension.swift in Sources */ = {isa = PBXBuildFile; fileRef = 2627CDCE26577D6A00DC2C6D /* Bundle+Extension.swift */; };
		2627CDD126577DB100DC2C6D /* Device.swift in Sources */ = {isa = PBXBuildFile; fileRef = 2627CDD026577DB100DC2C6D /* Device.swift */; };
		2627CDD326577DEB00DC2C6D /* UIApplication+Extension.swift in Sources */ = {isa = PBXBuildFile; fileRef = 2627CDD226577DEB00DC2C6D /* UIApplication+Extension.swift */; };
		2627CDD526577E0400DC2C6D /* Keys.swift in Sources */ = {isa = PBXBuildFile; fileRef = 2627CDD426577E0400DC2C6D /* Keys.swift */; };
		2627CDDD2657868400DC2C6D /* IB-Segues+Generated.swift in Sources */ = {isa = PBXBuildFile; fileRef = 2627CDDA2657868400DC2C6D /* IB-Segues+Generated.swift */; };
		2627CDDE2657868400DC2C6D /* XCAssets+Generated.swift in Sources */ = {isa = PBXBuildFile; fileRef = 2627CDDB2657868400DC2C6D /* XCAssets+Generated.swift */; };
		2627CDDF2657868400DC2C6D /* IB-Scenes+Generated.swift in Sources */ = {isa = PBXBuildFile; fileRef = 2627CDDC2657868400DC2C6D /* IB-Scenes+Generated.swift */; };
		262CEA872657DAAB004E7588 /* GIFHUD.swift in Sources */ = {isa = PBXBuildFile; fileRef = 262CEA862657DAAA004E7588 /* GIFHUD.swift */; };
		262D5350265B4C900015543E /* WKWebViewController+Javascript.swift in Sources */ = {isa = PBXBuildFile; fileRef = 262D534F265B4C900015543E /* WKWebViewController+Javascript.swift */; };
		262D5352265B4D070015543E /* WKWebViewController+JavascriptInteraction.swift in Sources */ = {isa = PBXBuildFile; fileRef = 262D5351265B4D070015543E /* WKWebViewController+JavascriptInteraction.swift */; };
		262D5354265B4DB90015543E /* AurorUIFactory.swift in Sources */ = {isa = PBXBuildFile; fileRef = 262D5353265B4DB90015543E /* AurorUIFactory.swift */; };
		262D5356265B56C90015543E /* Javascript+Wechat.swift in Sources */ = {isa = PBXBuildFile; fileRef = 262D5355265B56C90015543E /* Javascript+Wechat.swift */; };
		262D5358265B56DE0015543E /* Javascript+Aurora.swift in Sources */ = {isa = PBXBuildFile; fileRef = 262D5357265B56DE0015543E /* Javascript+Aurora.swift */; };
		262D535A265B56E70015543E /* Javascript+System.swift in Sources */ = {isa = PBXBuildFile; fileRef = 262D5359265B56E70015543E /* Javascript+System.swift */; };
		262D535C265B57030015543E /* Javascript+Map.swift in Sources */ = {isa = PBXBuildFile; fileRef = 262D535B265B57030015543E /* Javascript+Map.swift */; };
		263A5FD226594B5A00C2B0A8 /* ScanBackgroundView.swift in Sources */ = {isa = PBXBuildFile; fileRef = 263A5FD126594B5A00C2B0A8 /* ScanBackgroundView.swift */; };
		263A5FD42659561500C2B0A8 /* UIView+Extension.swift in Sources */ = {isa = PBXBuildFile; fileRef = 263A5FD32659561500C2B0A8 /* UIView+Extension.swift */; };
		267EA93D265799C700A3BB2D /* WechatService.swift in Sources */ = {isa = PBXBuildFile; fileRef = 267EA93C265799C700A3BB2D /* WechatService.swift */; };
		267EA93F265799DD00A3BB2D /* AuroraService.swift in Sources */ = {isa = PBXBuildFile; fileRef = 267EA93E265799DD00A3BB2D /* AuroraService.swift */; };
		267EA9422657B8E300A3BB2D /* car_loading.gif in Resources */ = {isa = PBXBuildFile; fileRef = 267EA9412657B8E300A3BB2D /* car_loading.gif */; };
		267EA9452657BE1400A3BB2D /* LayoutHelpers.swift in Sources */ = {isa = PBXBuildFile; fileRef = 267EA9432657BE1300A3BB2D /* LayoutHelpers.swift */; };
		267EA9462657BE1400A3BB2D /* LayoutOperator.swift in Sources */ = {isa = PBXBuildFile; fileRef = 267EA9442657BE1400A3BB2D /* LayoutOperator.swift */; };
		26D38D352657FA610060E7F2 /* ScanCornerView.swift in Sources */ = {isa = PBXBuildFile; fileRef = 26D38D332657FA600060E7F2 /* ScanCornerView.swift */; };
		26D38D362657FA610060E7F2 /* ScanAnimationImageView.swift in Sources */ = {isa = PBXBuildFile; fileRef = 26D38D342657FA610060E7F2 /* ScanAnimationImageView.swift */; };
		26D38D382657FA690060E7F2 /* ScanViewController.swift in Sources */ = {isa = PBXBuildFile; fileRef = 26D38D372657FA690060E7F2 /* ScanViewController.swift */; };
		26D38D3A2657FA710060E7F2 /* ScanService.swift in Sources */ = {isa = PBXBuildFile; fileRef = 26D38D392657FA710060E7F2 /* ScanService.swift */; };
		26D38D3C2657FA7E0060E7F2 /* scan.wav in Resources */ = {isa = PBXBuildFile; fileRef = 26D38D3B2657FA7E0060E7F2 /* scan.wav */; };
		26D38D3E265800490060E7F2 /* BaseViewController.swift in Sources */ = {isa = PBXBuildFile; fileRef = 26D38D3D265800490060E7F2 /* BaseViewController.swift */; };
		26D38D40265800720060E7F2 /* UIViewController+Extension.swift in Sources */ = {isa = PBXBuildFile; fileRef = 26D38D3F265800720060E7F2 /* UIViewController+Extension.swift */; };
		26D38D42265800BF0060E7F2 /* ScanViewModel.swift in Sources */ = {isa = PBXBuildFile; fileRef = 26D38D41265800BF0060E7F2 /* ScanViewModel.swift */; };
		2B3E0FD79D84B991A92AC80A /* Pods_Driver_DriverUITests.framework in Frameworks */ = {isa = PBXBuildFile; fileRef = 75D85420A6BB4C1AB3B56224 /* Pods_Driver_DriverUITests.framework */; };
		B192BA4F01FE27C99D690962 /* Pods_Driver.framework in Frameworks */ = {isa = PBXBuildFile; fileRef = 78F7B1829125D1CC3E160622 /* Pods_Driver.framework */; };
		CFC98121E8AD05EC69D8B44B /* Pods_DriverTests.framework in Frameworks */ = {isa = PBXBuildFile; fileRef = 62F7D9FBD1B924CF145F6D8E /* Pods_DriverTests.framework */; };
/* End PBXBuildFile section */

/* Begin PBXContainerItemProxy section */
		2627CD9926575BA100DC2C6D /* PBXContainerItemProxy */ = {
			isa = PBXContainerItemProxy;
			containerPortal = 2627CD7A26575B9D00DC2C6D /* Project object */;
			proxyType = 1;
			remoteGlobalIDString = 2627CD8126575B9D00DC2C6D;
			remoteInfo = Driver;
		};
		2627CDA426575BA100DC2C6D /* PBXContainerItemProxy */ = {
			isa = PBXContainerItemProxy;
			containerPortal = 2627CD7A26575B9D00DC2C6D /* Project object */;
			proxyType = 1;
			remoteGlobalIDString = 2627CD8126575B9D00DC2C6D;
			remoteInfo = Driver;
		};
/* End PBXContainerItemProxy section */

/* Begin PBXFileReference section */
		02BFB3E84C1A401C80CF19F9 /* Pods-DriverTests.debug.xcconfig */ = {isa = PBXFileReference; includeInIndex = 1; lastKnownFileType = text.xcconfig; name = "Pods-DriverTests.debug.xcconfig"; path = "Target Support Files/Pods-DriverTests/Pods-DriverTests.debug.xcconfig"; sourceTree = "<group>"; };
		03828C638324E97FE2CC3109 /* Pods-Driver-DriverUITests.debug.xcconfig */ = {isa = PBXFileReference; includeInIndex = 1; lastKnownFileType = text.xcconfig; name = "Pods-Driver-DriverUITests.debug.xcconfig"; path = "Target Support Files/Pods-Driver-DriverUITests/Pods-Driver-DriverUITests.debug.xcconfig"; sourceTree = "<group>"; };
		15CA4C88121196485106CEB1 /* Pods-Driver.release.xcconfig */ = {isa = PBXFileReference; includeInIndex = 1; lastKnownFileType = text.xcconfig; name = "Pods-Driver.release.xcconfig"; path = "Target Support Files/Pods-Driver/Pods-Driver.release.xcconfig"; sourceTree = "<group>"; };
		262672052659006C00F5DED3 /* Javascript.swift */ = {isa = PBXFileReference; lastKnownFileType = sourcecode.swift; path = Javascript.swift; sourceTree = "<group>"; };
		2627CD8226575B9D00DC2C6D /* Driver.app */ = {isa = PBXFileReference; explicitFileType = wrapper.application; includeInIndex = 0; path = Driver.app; sourceTree = BUILT_PRODUCTS_DIR; };
		2627CD8926575B9D00DC2C6D /* WKWebViewController.swift */ = {isa = PBXFileReference; lastKnownFileType = sourcecode.swift; path = WKWebViewController.swift; sourceTree = "<group>"; };
		2627CD8C26575B9D00DC2C6D /* Base */ = {isa = PBXFileReference; lastKnownFileType = file.storyboard; name = Base; path = Base.lproj/Main.storyboard; sourceTree = "<group>"; };
		2627CD8E26575BA100DC2C6D /* Assets.xcassets */ = {isa = PBXFileReference; lastKnownFileType = folder.assetcatalog; path = Assets.xcassets; sourceTree = "<group>"; };
		2627CD9326575BA100DC2C6D /* Info.plist */ = {isa = PBXFileReference; lastKnownFileType = text.plist.xml; path = Info.plist; sourceTree = "<group>"; };
		2627CD9826575BA100DC2C6D /* DriverTests.xctest */ = {isa = PBXFileReference; explicitFileType = wrapper.cfbundle; includeInIndex = 0; path = DriverTests.xctest; sourceTree = BUILT_PRODUCTS_DIR; };
		2627CD9C26575BA100DC2C6D /* DriverTests.swift */ = {isa = PBXFileReference; lastKnownFileType = sourcecode.swift; path = DriverTests.swift; sourceTree = "<group>"; };
		2627CD9E26575BA100DC2C6D /* Info.plist */ = {isa = PBXFileReference; lastKnownFileType = text.plist.xml; path = Info.plist; sourceTree = "<group>"; };
		2627CDA326575BA100DC2C6D /* DriverUITests.xctest */ = {isa = PBXFileReference; explicitFileType = wrapper.cfbundle; includeInIndex = 0; path = DriverUITests.xctest; sourceTree = BUILT_PRODUCTS_DIR; };
		2627CDA726575BA100DC2C6D /* DriverUITests.swift */ = {isa = PBXFileReference; lastKnownFileType = sourcecode.swift; path = DriverUITests.swift; sourceTree = "<group>"; };
		2627CDA926575BA100DC2C6D /* Info.plist */ = {isa = PBXFileReference; lastKnownFileType = text.plist.xml; path = Info.plist; sourceTree = "<group>"; };
		2627CDB626575ECD00DC2C6D /* Appearance.swift */ = {isa = PBXFileReference; fileEncoding = 4; lastKnownFileType = sourcecode.swift; path = Appearance.swift; sourceTree = "<group>"; };
		2627CDB726575ECD00DC2C6D /* WindowService.swift */ = {isa = PBXFileReference; fileEncoding = 4; lastKnownFileType = sourcecode.swift; path = WindowService.swift; sourceTree = "<group>"; };
		2627CDB826575ECD00DC2C6D /* LoggerService.swift */ = {isa = PBXFileReference; fileEncoding = 4; lastKnownFileType = sourcecode.swift; path = LoggerService.swift; sourceTree = "<group>"; };
		2627CDB926575ECD00DC2C6D /* AppStartupService.swift */ = {isa = PBXFileReference; fileEncoding = 4; lastKnownFileType = sourcecode.swift; path = AppStartupService.swift; sourceTree = "<group>"; };
		2627CDBF26575EEA00DC2C6D /* AppServiceManager.swift */ = {isa = PBXFileReference; fileEncoding = 4; lastKnownFileType = sourcecode.swift; path = AppServiceManager.swift; sourceTree = "<group>"; };
		2627CDC026575EEA00DC2C6D /* AppDelegate.swift */ = {isa = PBXFileReference; fileEncoding = 4; lastKnownFileType = sourcecode.swift; path = AppDelegate.swift; sourceTree = "<group>"; };
		2627CDC126575EEA00DC2C6D /* App.swift */ = {isa = PBXFileReference; fileEncoding = 4; lastKnownFileType = sourcecode.swift; path = App.swift; sourceTree = "<group>"; };
		2627CDC226575EEA00DC2C6D /* SceneDelegate.swift */ = {isa = PBXFileReference; fileEncoding = 4; lastKnownFileType = sourcecode.swift; path = SceneDelegate.swift; sourceTree = "<group>"; };
		2627CDC726575F3B00DC2C6D /* Cache.swift */ = {isa = PBXFileReference; fileEncoding = 4; lastKnownFileType = sourcecode.swift; path = Cache.swift; sourceTree = "<group>"; };
		2627CDC926577C4D00DC2C6D /* Colors.xcassets */ = {isa = PBXFileReference; lastKnownFileType = folder.assetcatalog; path = Colors.xcassets; sourceTree = "<group>"; };
		2627CDCE26577D6A00DC2C6D /* Bundle+Extension.swift */ = {isa = PBXFileReference; lastKnownFileType = sourcecode.swift; path = "Bundle+Extension.swift"; sourceTree = "<group>"; };
		2627CDD026577DB100DC2C6D /* Device.swift */ = {isa = PBXFileReference; fileEncoding = 4; lastKnownFileType = sourcecode.swift; path = Device.swift; sourceTree = "<group>"; };
		2627CDD226577DEB00DC2C6D /* UIApplication+Extension.swift */ = {isa = PBXFileReference; fileEncoding = 4; lastKnownFileType = sourcecode.swift; path = "UIApplication+Extension.swift"; sourceTree = "<group>"; };
		2627CDD426577E0400DC2C6D /* Keys.swift */ = {isa = PBXFileReference; fileEncoding = 4; lastKnownFileType = sourcecode.swift; path = Keys.swift; sourceTree = "<group>"; };
		2627CDD6265780E000DC2C6D /* Driver.entitlements */ = {isa = PBXFileReference; lastKnownFileType = text.plist.entitlements; path = Driver.entitlements; sourceTree = "<group>"; };
		2627CDDA2657868400DC2C6D /* IB-Segues+Generated.swift */ = {isa = PBXFileReference; fileEncoding = 4; lastKnownFileType = sourcecode.swift; path = "IB-Segues+Generated.swift"; sourceTree = "<group>"; };
		2627CDDB2657868400DC2C6D /* XCAssets+Generated.swift */ = {isa = PBXFileReference; fileEncoding = 4; lastKnownFileType = sourcecode.swift; path = "XCAssets+Generated.swift"; sourceTree = "<group>"; };
		2627CDDC2657868400DC2C6D /* IB-Scenes+Generated.swift */ = {isa = PBXFileReference; fileEncoding = 4; lastKnownFileType = sourcecode.swift; path = "IB-Scenes+Generated.swift"; sourceTree = "<group>"; };
		2627CDE02657877500DC2C6D /* Driver-Bridging-Header.h */ = {isa = PBXFileReference; lastKnownFileType = sourcecode.c.h; path = "Driver-Bridging-Header.h"; sourceTree = "<group>"; };
		262CEA862657DAAA004E7588 /* GIFHUD.swift */ = {isa = PBXFileReference; lastKnownFileType = sourcecode.swift; path = GIFHUD.swift; sourceTree = "<group>"; };
		262D534F265B4C900015543E /* WKWebViewController+Javascript.swift */ = {isa = PBXFileReference; lastKnownFileType = sourcecode.swift; path = "WKWebViewController+Javascript.swift"; sourceTree = "<group>"; };
		262D5351265B4D070015543E /* WKWebViewController+JavascriptInteraction.swift */ = {isa = PBXFileReference; lastKnownFileType = sourcecode.swift; path = "WKWebViewController+JavascriptInteraction.swift"; sourceTree = "<group>"; };
		262D5353265B4DB90015543E /* AurorUIFactory.swift */ = {isa = PBXFileReference; lastKnownFileType = sourcecode.swift; path = AurorUIFactory.swift; sourceTree = "<group>"; };
		262D5355265B56C90015543E /* Javascript+Wechat.swift */ = {isa = PBXFileReference; lastKnownFileType = sourcecode.swift; path = "Javascript+Wechat.swift"; sourceTree = "<group>"; };
		262D5357265B56DE0015543E /* Javascript+Aurora.swift */ = {isa = PBXFileReference; lastKnownFileType = sourcecode.swift; path = "Javascript+Aurora.swift"; sourceTree = "<group>"; };
		262D5359265B56E70015543E /* Javascript+System.swift */ = {isa = PBXFileReference; lastKnownFileType = sourcecode.swift; path = "Javascript+System.swift"; sourceTree = "<group>"; };
		262D535B265B57030015543E /* Javascript+Map.swift */ = {isa = PBXFileReference; lastKnownFileType = sourcecode.swift; path = "Javascript+Map.swift"; sourceTree = "<group>"; };
		263A5FD126594B5A00C2B0A8 /* ScanBackgroundView.swift */ = {isa = PBXFileReference; lastKnownFileType = sourcecode.swift; path = ScanBackgroundView.swift; sourceTree = "<group>"; };
		263A5FD32659561500C2B0A8 /* UIView+Extension.swift */ = {isa = PBXFileReference; lastKnownFileType = sourcecode.swift; path = "UIView+Extension.swift"; sourceTree = "<group>"; };
		267EA93C265799C700A3BB2D /* WechatService.swift */ = {isa = PBXFileReference; lastKnownFileType = sourcecode.swift; path = WechatService.swift; sourceTree = "<group>"; };
		267EA93E265799DD00A3BB2D /* AuroraService.swift */ = {isa = PBXFileReference; lastKnownFileType = sourcecode.swift; path = AuroraService.swift; sourceTree = "<group>"; };
		267EA9412657B8E300A3BB2D /* car_loading.gif */ = {isa = PBXFileReference; lastKnownFileType = image.gif; path = car_loading.gif; sourceTree = "<group>"; };
		267EA9432657BE1300A3BB2D /* LayoutHelpers.swift */ = {isa = PBXFileReference; fileEncoding = 4; lastKnownFileType = sourcecode.swift; path = LayoutHelpers.swift; sourceTree = "<group>"; };
		267EA9442657BE1400A3BB2D /* LayoutOperator.swift */ = {isa = PBXFileReference; fileEncoding = 4; lastKnownFileType = sourcecode.swift; path = LayoutOperator.swift; sourceTree = "<group>"; };
		26D38D332657FA600060E7F2 /* ScanCornerView.swift */ = {isa = PBXFileReference; fileEncoding = 4; lastKnownFileType = sourcecode.swift; path = ScanCornerView.swift; sourceTree = "<group>"; };
		26D38D342657FA610060E7F2 /* ScanAnimationImageView.swift */ = {isa = PBXFileReference; fileEncoding = 4; lastKnownFileType = sourcecode.swift; path = ScanAnimationImageView.swift; sourceTree = "<group>"; };
		26D38D372657FA690060E7F2 /* ScanViewController.swift */ = {isa = PBXFileReference; fileEncoding = 4; lastKnownFileType = sourcecode.swift; path = ScanViewController.swift; sourceTree = "<group>"; };
		26D38D392657FA710060E7F2 /* ScanService.swift */ = {isa = PBXFileReference; fileEncoding = 4; lastKnownFileType = sourcecode.swift; path = ScanService.swift; sourceTree = "<group>"; };
		26D38D3B2657FA7E0060E7F2 /* scan.wav */ = {isa = PBXFileReference; lastKnownFileType = audio.wav; path = scan.wav; sourceTree = "<group>"; };
		26D38D3D265800490060E7F2 /* BaseViewController.swift */ = {isa = PBXFileReference; fileEncoding = 4; lastKnownFileType = sourcecode.swift; path = BaseViewController.swift; sourceTree = "<group>"; };
		26D38D3F265800720060E7F2 /* UIViewController+Extension.swift */ = {isa = PBXFileReference; fileEncoding = 4; lastKnownFileType = sourcecode.swift; path = "UIViewController+Extension.swift"; sourceTree = "<group>"; };
		26D38D41265800BF0060E7F2 /* ScanViewModel.swift */ = {isa = PBXFileReference; fileEncoding = 4; lastKnownFileType = sourcecode.swift; path = ScanViewModel.swift; sourceTree = "<group>"; };
		3085E4A9EE7A8F97A4EAD3E5 /* Pods-DriverTests.release.xcconfig */ = {isa = PBXFileReference; includeInIndex = 1; lastKnownFileType = text.xcconfig; name = "Pods-DriverTests.release.xcconfig"; path = "Target Support Files/Pods-DriverTests/Pods-DriverTests.release.xcconfig"; sourceTree = "<group>"; };
		62F7D9FBD1B924CF145F6D8E /* Pods_DriverTests.framework */ = {isa = PBXFileReference; explicitFileType = wrapper.framework; includeInIndex = 0; path = Pods_DriverTests.framework; sourceTree = BUILT_PRODUCTS_DIR; };
		75D85420A6BB4C1AB3B56224 /* Pods_Driver_DriverUITests.framework */ = {isa = PBXFileReference; explicitFileType = wrapper.framework; includeInIndex = 0; path = Pods_Driver_DriverUITests.framework; sourceTree = BUILT_PRODUCTS_DIR; };
		78F7B1829125D1CC3E160622 /* Pods_Driver.framework */ = {isa = PBXFileReference; explicitFileType = wrapper.framework; includeInIndex = 0; path = Pods_Driver.framework; sourceTree = BUILT_PRODUCTS_DIR; };
		A1415C005A483E58598D17B2 /* Pods-Driver.debug.xcconfig */ = {isa = PBXFileReference; includeInIndex = 1; lastKnownFileType = text.xcconfig; name = "Pods-Driver.debug.xcconfig"; path = "Target Support Files/Pods-Driver/Pods-Driver.debug.xcconfig"; sourceTree = "<group>"; };
		DA8A5BC09346C83BA6C6AC5E /* Pods-Driver-DriverUITests.release.xcconfig */ = {isa = PBXFileReference; includeInIndex = 1; lastKnownFileType = text.xcconfig; name = "Pods-Driver-DriverUITests.release.xcconfig"; path = "Target Support Files/Pods-Driver-DriverUITests/Pods-Driver-DriverUITests.release.xcconfig"; sourceTree = "<group>"; };
/* End PBXFileReference section */

/* Begin PBXFrameworksBuildPhase section */
		2627CD7F26575B9D00DC2C6D /* Frameworks */ = {
			isa = PBXFrameworksBuildPhase;
			buildActionMask = 2147483647;
			files = (
				B192BA4F01FE27C99D690962 /* Pods_Driver.framework in Frameworks */,
			);
			runOnlyForDeploymentPostprocessing = 0;
		};
		2627CD9526575BA100DC2C6D /* Frameworks */ = {
			isa = PBXFrameworksBuildPhase;
			buildActionMask = 2147483647;
			files = (
				CFC98121E8AD05EC69D8B44B /* Pods_DriverTests.framework in Frameworks */,
			);
			runOnlyForDeploymentPostprocessing = 0;
		};
		2627CDA026575BA100DC2C6D /* Frameworks */ = {
			isa = PBXFrameworksBuildPhase;
			buildActionMask = 2147483647;
			files = (
				2B3E0FD79D84B991A92AC80A /* Pods_Driver_DriverUITests.framework in Frameworks */,
			);
			runOnlyForDeploymentPostprocessing = 0;
		};
/* End PBXFrameworksBuildPhase section */

/* Begin PBXGroup section */
		262672042659003100F5DED3 /* Models */ = {
			isa = PBXGroup;
			children = (
				262672052659006C00F5DED3 /* Javascript.swift */,
				262D5355265B56C90015543E /* Javascript+Wechat.swift */,
				262D5359265B56E70015543E /* Javascript+System.swift */,
				262D535B265B57030015543E /* Javascript+Map.swift */,
				262D5357265B56DE0015543E /* Javascript+Aurora.swift */,
			);
			path = Models;
			sourceTree = "<group>";
		};
		2627CD7926575B9D00DC2C6D = {
			isa = PBXGroup;
			children = (
				2627CD8426575B9D00DC2C6D /* Driver */,
				2627CD9B26575BA100DC2C6D /* DriverTests */,
				2627CDA626575BA100DC2C6D /* DriverUITests */,
				2627CD8326575B9D00DC2C6D /* Products */,
				71E453CB03E7C42C7B374BC4 /* Pods */,
				3CC4EC458079228242AC961A /* Frameworks */,
			);
			sourceTree = "<group>";
		};
		2627CD8326575B9D00DC2C6D /* Products */ = {
			isa = PBXGroup;
			children = (
				2627CD8226575B9D00DC2C6D /* Driver.app */,
				2627CD9826575BA100DC2C6D /* DriverTests.xctest */,
				2627CDA326575BA100DC2C6D /* DriverUITests.xctest */,
			);
			name = Products;
			sourceTree = "<group>";
		};
		2627CD8426575B9D00DC2C6D /* Driver */ = {
			isa = PBXGroup;
			children = (
				2627CDD6265780E000DC2C6D /* Driver.entitlements */,
				26D38D322657FA550060E7F2 /* Scan */,
				2627CDD92657868400DC2C6D /* SwiftGenerated */,
				2627CDCD26577D5D00DC2C6D /* Extensions */,
				2627CDBE26575EEA00DC2C6D /* App */,
				2627CDB526575E9600DC2C6D /* Service */,
				262672042659003100F5DED3 /* Models */,
				26D38D3D265800490060E7F2 /* BaseViewController.swift */,
				262D534F265B4C900015543E /* WKWebViewController+Javascript.swift */,
				262D5351265B4D070015543E /* WKWebViewController+JavascriptInteraction.swift */,
				2627CD8926575B9D00DC2C6D /* WKWebViewController.swift */,
				262D5353265B4DB90015543E /* AurorUIFactory.swift */,
				262CEA862657DAAA004E7588 /* GIFHUD.swift */,
				2627CD8B26575B9D00DC2C6D /* Main.storyboard */,
				2627CD8E26575BA100DC2C6D /* Assets.xcassets */,
				2627CDC926577C4D00DC2C6D /* Colors.xcassets */,
				267EA9402657B8C900A3BB2D /* Resources */,
				2627CDE02657877500DC2C6D /* Driver-Bridging-Header.h */,
				2627CD9326575BA100DC2C6D /* Info.plist */,
			);
			path = Driver;
			sourceTree = "<group>";
		};
		2627CD9B26575BA100DC2C6D /* DriverTests */ = {
			isa = PBXGroup;
			children = (
				2627CD9C26575BA100DC2C6D /* DriverTests.swift */,
				2627CD9E26575BA100DC2C6D /* Info.plist */,
			);
			path = DriverTests;
			sourceTree = "<group>";
		};
		2627CDA626575BA100DC2C6D /* DriverUITests */ = {
			isa = PBXGroup;
			children = (
				2627CDA726575BA100DC2C6D /* DriverUITests.swift */,
				2627CDA926575BA100DC2C6D /* Info.plist */,
			);
			path = DriverUITests;
			sourceTree = "<group>";
		};
		2627CDB526575E9600DC2C6D /* Service */ = {
			isa = PBXGroup;
			children = (
				26D38D392657FA710060E7F2 /* ScanService.swift */,
				2627CDD026577DB100DC2C6D /* Device.swift */,
				2627CDC726575F3B00DC2C6D /* Cache.swift */,
				2627CDB626575ECD00DC2C6D /* Appearance.swift */,
				267EA93C265799C700A3BB2D /* WechatService.swift */,
				267EA93E265799DD00A3BB2D /* AuroraService.swift */,
				2627CDB926575ECD00DC2C6D /* AppStartupService.swift */,
				2627CDB826575ECD00DC2C6D /* LoggerService.swift */,
				2627CDB726575ECD00DC2C6D /* WindowService.swift */,
			);
			path = Service;
			sourceTree = "<group>";
		};
		2627CDBE26575EEA00DC2C6D /* App */ = {
			isa = PBXGroup;
			children = (
				2627CDD426577E0400DC2C6D /* Keys.swift */,
				2627CDBF26575EEA00DC2C6D /* AppServiceManager.swift */,
				2627CDC026575EEA00DC2C6D /* AppDelegate.swift */,
				2627CDC126575EEA00DC2C6D /* App.swift */,
				2627CDC226575EEA00DC2C6D /* SceneDelegate.swift */,
			);
			path = App;
			sourceTree = "<group>";
		};
		2627CDCD26577D5D00DC2C6D /* Extensions */ = {
			isa = PBXGroup;
			children = (
				26D38D3F265800720060E7F2 /* UIViewController+Extension.swift */,
				267EA9432657BE1300A3BB2D /* LayoutHelpers.swift */,
				267EA9442657BE1400A3BB2D /* LayoutOperator.swift */,
				2627CDD226577DEB00DC2C6D /* UIApplication+Extension.swift */,
				2627CDCE26577D6A00DC2C6D /* Bundle+Extension.swift */,
				263A5FD32659561500C2B0A8 /* UIView+Extension.swift */,
			);
			path = Extensions;
			sourceTree = "<group>";
		};
		2627CDD92657868400DC2C6D /* SwiftGenerated */ = {
			isa = PBXGroup;
			children = (
				2627CDDA2657868400DC2C6D /* IB-Segues+Generated.swift */,
				2627CDDB2657868400DC2C6D /* XCAssets+Generated.swift */,
				2627CDDC2657868400DC2C6D /* IB-Scenes+Generated.swift */,
			);
			path = SwiftGenerated;
			sourceTree = "<group>";
		};
		267EA9402657B8C900A3BB2D /* Resources */ = {
			isa = PBXGroup;
			children = (
				26D38D3B2657FA7E0060E7F2 /* scan.wav */,
				267EA9412657B8E300A3BB2D /* car_loading.gif */,
			);
			path = Resources;
			sourceTree = "<group>";
		};
		26D38D322657FA550060E7F2 /* Scan */ = {
			isa = PBXGroup;
			children = (
				26D38D41265800BF0060E7F2 /* ScanViewModel.swift */,
				26D38D372657FA690060E7F2 /* ScanViewController.swift */,
				26D38D342657FA610060E7F2 /* ScanAnimationImageView.swift */,
				26D38D332657FA600060E7F2 /* ScanCornerView.swift */,
				263A5FD126594B5A00C2B0A8 /* ScanBackgroundView.swift */,
			);
			path = Scan;
			sourceTree = "<group>";
		};
		3CC4EC458079228242AC961A /* Frameworks */ = {
			isa = PBXGroup;
			children = (
				78F7B1829125D1CC3E160622 /* Pods_Driver.framework */,
				75D85420A6BB4C1AB3B56224 /* Pods_Driver_DriverUITests.framework */,
				62F7D9FBD1B924CF145F6D8E /* Pods_DriverTests.framework */,
			);
			name = Frameworks;
			sourceTree = "<group>";
		};
		71E453CB03E7C42C7B374BC4 /* Pods */ = {
			isa = PBXGroup;
			children = (
				A1415C005A483E58598D17B2 /* Pods-Driver.debug.xcconfig */,
				15CA4C88121196485106CEB1 /* Pods-Driver.release.xcconfig */,
				03828C638324E97FE2CC3109 /* Pods-Driver-DriverUITests.debug.xcconfig */,
				DA8A5BC09346C83BA6C6AC5E /* Pods-Driver-DriverUITests.release.xcconfig */,
				02BFB3E84C1A401C80CF19F9 /* Pods-DriverTests.debug.xcconfig */,
				3085E4A9EE7A8F97A4EAD3E5 /* Pods-DriverTests.release.xcconfig */,
			);
			path = Pods;
			sourceTree = "<group>";
		};
/* End PBXGroup section */

/* Begin PBXNativeTarget section */
		2627CD8126575B9D00DC2C6D /* Driver */ = {
			isa = PBXNativeTarget;
			buildConfigurationList = 2627CDAC26575BA100DC2C6D /* Build configuration list for PBXNativeTarget "Driver" */;
			buildPhases = (
				100A52BBA11C7E083A6FD8DB /* [CP] Check Pods Manifest.lock */,
				2627CD7E26575B9D00DC2C6D /* Sources */,
				2627CD7F26575B9D00DC2C6D /* Frameworks */,
				2627CD8026575B9D00DC2C6D /* Resources */,
				95463CA098C7EC4BC600B78D /* [CP] Embed Pods Frameworks */,
				2627CDD7265783C200DC2C6D /* Format Code */,
				2627CDD8265783EC00DC2C6D /* swiftgen */,
			);
			buildRules = (
			);
			dependencies = (
			);
			name = Driver;
			productName = Driver;
			productReference = 2627CD8226575B9D00DC2C6D /* Driver.app */;
			productType = "com.apple.product-type.application";
		};
		2627CD9726575BA100DC2C6D /* DriverTests */ = {
			isa = PBXNativeTarget;
			buildConfigurationList = 2627CDAF26575BA200DC2C6D /* Build configuration list for PBXNativeTarget "DriverTests" */;
			buildPhases = (
				80E0C552D85619F44E9FA045 /* [CP] Check Pods Manifest.lock */,
				2627CD9426575BA100DC2C6D /* Sources */,
				2627CD9526575BA100DC2C6D /* Frameworks */,
				2627CD9626575BA100DC2C6D /* Resources */,
			);
			buildRules = (
			);
			dependencies = (
				2627CD9A26575BA100DC2C6D /* PBXTargetDependency */,
			);
			name = DriverTests;
			productName = DriverTests;
			productReference = 2627CD9826575BA100DC2C6D /* DriverTests.xctest */;
			productType = "com.apple.product-type.bundle.unit-test";
		};
		2627CDA226575BA100DC2C6D /* DriverUITests */ = {
			isa = PBXNativeTarget;
			buildConfigurationList = 2627CDB226575BA200DC2C6D /* Build configuration list for PBXNativeTarget "DriverUITests" */;
			buildPhases = (
				B44C380897C44D8BE01CDA4C /* [CP] Check Pods Manifest.lock */,
				2627CD9F26575BA100DC2C6D /* Sources */,
				2627CDA026575BA100DC2C6D /* Frameworks */,
				2627CDA126575BA100DC2C6D /* Resources */,
				9EDF02E94BF3A80594D46DF4 /* [CP] Embed Pods Frameworks */,
			);
			buildRules = (
			);
			dependencies = (
				2627CDA526575BA100DC2C6D /* PBXTargetDependency */,
			);
			name = DriverUITests;
			productName = DriverUITests;
			productReference = 2627CDA326575BA100DC2C6D /* DriverUITests.xctest */;
			productType = "com.apple.product-type.bundle.ui-testing";
		};
/* End PBXNativeTarget section */

/* Begin PBXProject section */
		2627CD7A26575B9D00DC2C6D /* Project object */ = {
			isa = PBXProject;
			attributes = {
				LastSwiftUpdateCheck = 1250;
				LastUpgradeCheck = 1250;
				TargetAttributes = {
					2627CD8126575B9D00DC2C6D = {
						CreatedOnToolsVersion = 12.5;
					};
					2627CD9726575BA100DC2C6D = {
						CreatedOnToolsVersion = 12.5;
						TestTargetID = 2627CD8126575B9D00DC2C6D;
					};
					2627CDA226575BA100DC2C6D = {
						CreatedOnToolsVersion = 12.5;
						TestTargetID = 2627CD8126575B9D00DC2C6D;
					};
				};
			};
			buildConfigurationList = 2627CD7D26575B9D00DC2C6D /* Build configuration list for PBXProject "Driver" */;
			compatibilityVersion = "Xcode 9.3";
			developmentRegion = en;
			hasScannedForEncodings = 0;
			knownRegions = (
				en,
				Base,
			);
			mainGroup = 2627CD7926575B9D00DC2C6D;
			productRefGroup = 2627CD8326575B9D00DC2C6D /* Products */;
			projectDirPath = "";
			projectRoot = "";
			targets = (
				2627CD8126575B9D00DC2C6D /* Driver */,
				2627CD9726575BA100DC2C6D /* DriverTests */,
				2627CDA226575BA100DC2C6D /* DriverUITests */,
			);
		};
/* End PBXProject section */

/* Begin PBXResourcesBuildPhase section */
		2627CD8026575B9D00DC2C6D /* Resources */ = {
			isa = PBXResourcesBuildPhase;
			buildActionMask = 2147483647;
			files = (
				267EA9422657B8E300A3BB2D /* car_loading.gif in Resources */,
				2627CDCA26577C4D00DC2C6D /* Colors.xcassets in Resources */,
				26D38D3C2657FA7E0060E7F2 /* scan.wav in Resources */,
				2627CD8F26575BA100DC2C6D /* Assets.xcassets in Resources */,
				2627CD8D26575B9D00DC2C6D /* Main.storyboard in Resources */,
			);
			runOnlyForDeploymentPostprocessing = 0;
		};
		2627CD9626575BA100DC2C6D /* Resources */ = {
			isa = PBXResourcesBuildPhase;
			buildActionMask = 2147483647;
			files = (
			);
			runOnlyForDeploymentPostprocessing = 0;
		};
		2627CDA126575BA100DC2C6D /* Resources */ = {
			isa = PBXResourcesBuildPhase;
			buildActionMask = 2147483647;
			files = (
			);
			runOnlyForDeploymentPostprocessing = 0;
		};
/* End PBXResourcesBuildPhase section */

/* Begin PBXShellScriptBuildPhase section */
		100A52BBA11C7E083A6FD8DB /* [CP] Check Pods Manifest.lock */ = {
			isa = PBXShellScriptBuildPhase;
			buildActionMask = 2147483647;
			files = (
			);
			inputFileListPaths = (
			);
			inputPaths = (
				"${PODS_PODFILE_DIR_PATH}/Podfile.lock",
				"${PODS_ROOT}/Manifest.lock",
			);
			name = "[CP] Check Pods Manifest.lock";
			outputFileListPaths = (
			);
			outputPaths = (
				"$(DERIVED_FILE_DIR)/Pods-Driver-checkManifestLockResult.txt",
			);
			runOnlyForDeploymentPostprocessing = 0;
			shellPath = /bin/sh;
			shellScript = "diff \"${PODS_PODFILE_DIR_PATH}/Podfile.lock\" \"${PODS_ROOT}/Manifest.lock\" > /dev/null\nif [ $? != 0 ] ; then\n    # print error to STDERR\n    echo \"error: The sandbox is not in sync with the Podfile.lock. Run 'pod install' or update your CocoaPods installation.\" >&2\n    exit 1\nfi\n# This output is used by Xcode 'outputs' to avoid re-running this script phase.\necho \"SUCCESS\" > \"${SCRIPT_OUTPUT_FILE_0}\"\n";
			showEnvVarsInLog = 0;
		};
		2627CDD7265783C200DC2C6D /* Format Code */ = {
			isa = PBXShellScriptBuildPhase;
			buildActionMask = 2147483647;
			files = (
			);
			inputFileListPaths = (
			);
			inputPaths = (
			);
			name = "Format Code";
			outputFileListPaths = (
			);
			outputPaths = (
			);
			runOnlyForDeploymentPostprocessing = 0;
			shellPath = /bin/sh;
			shellScript = "bin/scripts/format-code.sh Driver\n";
		};
		2627CDD8265783EC00DC2C6D /* swiftgen */ = {
			isa = PBXShellScriptBuildPhase;
			buildActionMask = 2147483647;
			files = (
			);
			inputFileListPaths = (
			);
			inputPaths = (
			);
			name = swiftgen;
			outputFileListPaths = (
			);
			outputPaths = (
			);
			runOnlyForDeploymentPostprocessing = 0;
			shellPath = /bin/sh;
			shellScript = "bin/scripts/swiftgen.sh\n";
		};
		80E0C552D85619F44E9FA045 /* [CP] Check Pods Manifest.lock */ = {
			isa = PBXShellScriptBuildPhase;
			buildActionMask = 2147483647;
			files = (
			);
			inputFileListPaths = (
			);
			inputPaths = (
				"${PODS_PODFILE_DIR_PATH}/Podfile.lock",
				"${PODS_ROOT}/Manifest.lock",
			);
			name = "[CP] Check Pods Manifest.lock";
			outputFileListPaths = (
			);
			outputPaths = (
				"$(DERIVED_FILE_DIR)/Pods-DriverTests-checkManifestLockResult.txt",
			);
			runOnlyForDeploymentPostprocessing = 0;
			shellPath = /bin/sh;
			shellScript = "diff \"${PODS_PODFILE_DIR_PATH}/Podfile.lock\" \"${PODS_ROOT}/Manifest.lock\" > /dev/null\nif [ $? != 0 ] ; then\n    # print error to STDERR\n    echo \"error: The sandbox is not in sync with the Podfile.lock. Run 'pod install' or update your CocoaPods installation.\" >&2\n    exit 1\nfi\n# This output is used by Xcode 'outputs' to avoid re-running this script phase.\necho \"SUCCESS\" > \"${SCRIPT_OUTPUT_FILE_0}\"\n";
			showEnvVarsInLog = 0;
		};
		95463CA098C7EC4BC600B78D /* [CP] Embed Pods Frameworks */ = {
			isa = PBXShellScriptBuildPhase;
			buildActionMask = 2147483647;
			files = (
			);
			inputFileListPaths = (
				"${PODS_ROOT}/Target Support Files/Pods-Driver/Pods-Driver-frameworks-${CONFIGURATION}-input-files.xcfilelist",
			);
			name = "[CP] Embed Pods Frameworks";
			outputFileListPaths = (
				"${PODS_ROOT}/Target Support Files/Pods-Driver/Pods-Driver-frameworks-${CONFIGURATION}-output-files.xcfilelist",
			);
			runOnlyForDeploymentPostprocessing = 0;
			shellPath = /bin/sh;
			shellScript = "\"${PODS_ROOT}/Target Support Files/Pods-Driver/Pods-Driver-frameworks.sh\"\n";
			showEnvVarsInLog = 0;
		};
		9EDF02E94BF3A80594D46DF4 /* [CP] Embed Pods Frameworks */ = {
			isa = PBXShellScriptBuildPhase;
			buildActionMask = 2147483647;
			files = (
			);
			inputFileListPaths = (
				"${PODS_ROOT}/Target Support Files/Pods-Driver-DriverUITests/Pods-Driver-DriverUITests-frameworks-${CONFIGURATION}-input-files.xcfilelist",
			);
			name = "[CP] Embed Pods Frameworks";
			outputFileListPaths = (
				"${PODS_ROOT}/Target Support Files/Pods-Driver-DriverUITests/Pods-Driver-DriverUITests-frameworks-${CONFIGURATION}-output-files.xcfilelist",
			);
			runOnlyForDeploymentPostprocessing = 0;
			shellPath = /bin/sh;
			shellScript = "\"${PODS_ROOT}/Target Support Files/Pods-Driver-DriverUITests/Pods-Driver-DriverUITests-frameworks.sh\"\n";
			showEnvVarsInLog = 0;
		};
		B44C380897C44D8BE01CDA4C /* [CP] Check Pods Manifest.lock */ = {
			isa = PBXShellScriptBuildPhase;
			buildActionMask = 2147483647;
			files = (
			);
			inputFileListPaths = (
			);
			inputPaths = (
				"${PODS_PODFILE_DIR_PATH}/Podfile.lock",
				"${PODS_ROOT}/Manifest.lock",
			);
			name = "[CP] Check Pods Manifest.lock";
			outputFileListPaths = (
			);
			outputPaths = (
				"$(DERIVED_FILE_DIR)/Pods-Driver-DriverUITests-checkManifestLockResult.txt",
			);
			runOnlyForDeploymentPostprocessing = 0;
			shellPath = /bin/sh;
			shellScript = "diff \"${PODS_PODFILE_DIR_PATH}/Podfile.lock\" \"${PODS_ROOT}/Manifest.lock\" > /dev/null\nif [ $? != 0 ] ; then\n    # print error to STDERR\n    echo \"error: The sandbox is not in sync with the Podfile.lock. Run 'pod install' or update your CocoaPods installation.\" >&2\n    exit 1\nfi\n# This output is used by Xcode 'outputs' to avoid re-running this script phase.\necho \"SUCCESS\" > \"${SCRIPT_OUTPUT_FILE_0}\"\n";
			showEnvVarsInLog = 0;
		};
/* End PBXShellScriptBuildPhase section */

/* Begin PBXSourcesBuildPhase section */
		2627CD7E26575B9D00DC2C6D /* Sources */ = {
			isa = PBXSourcesBuildPhase;
			buildActionMask = 2147483647;
			files = (
				2627CDDF2657868400DC2C6D /* IB-Scenes+Generated.swift in Sources */,
				262D5352265B4D070015543E /* WKWebViewController+JavascriptInteraction.swift in Sources */,
				262D5354265B4DB90015543E /* AurorUIFactory.swift in Sources */,
				2627CDBB26575ECD00DC2C6D /* WindowService.swift in Sources */,
				26D38D362657FA610060E7F2 /* ScanAnimationImageView.swift in Sources */,
				262CEA872657DAAB004E7588 /* GIFHUD.swift in Sources */,
				26D38D40265800720060E7F2 /* UIViewController+Extension.swift in Sources */,
				2627CD8A26575B9D00DC2C6D /* WKWebViewController.swift in Sources */,
				26D38D3E265800490060E7F2 /* BaseViewController.swift in Sources */,
				2627CDC526575EEA00DC2C6D /* App.swift in Sources */,
				2627CDD126577DB100DC2C6D /* Device.swift in Sources */,
				2627CDCF26577D7000DC2C6D /* Bundle+Extension.swift in Sources */,
				262D5358265B56DE0015543E /* Javascript+Aurora.swift in Sources */,
				2627CDC426575EEA00DC2C6D /* AppDelegate.swift in Sources */,
				267EA9462657BE1400A3BB2D /* LayoutOperator.swift in Sources */,
				2627CDBD26575ECD00DC2C6D /* AppStartupService.swift in Sources */,
				267EA93F265799DD00A3BB2D /* AuroraService.swift in Sources */,
				262672062659006C00F5DED3 /* Javascript.swift in Sources */,
				26D38D382657FA690060E7F2 /* ScanViewController.swift in Sources */,
				2627CDC626575EEA00DC2C6D /* SceneDelegate.swift in Sources */,
				2627CDBA26575ECD00DC2C6D /* Appearance.swift in Sources */,
				263A5FD42659561500C2B0A8 /* UIView+Extension.swift in Sources */,
				262D535A265B56E70015543E /* Javascript+System.swift in Sources */,
				267EA9452657BE1400A3BB2D /* LayoutHelpers.swift in Sources */,
				2627CDBC26575ECD00DC2C6D /* LoggerService.swift in Sources */,
				2627CDDD2657868400DC2C6D /* IB-Segues+Generated.swift in Sources */,
				263A5FD226594B5A00C2B0A8 /* ScanBackgroundView.swift in Sources */,
				2627CDDE2657868400DC2C6D /* XCAssets+Generated.swift in Sources */,
				262D535C265B57030015543E /* Javascript+Map.swift in Sources */,
				267EA93D265799C700A3BB2D /* WechatService.swift in Sources */,
				262D5356265B56C90015543E /* Javascript+Wechat.swift in Sources */,
				26D38D3A2657FA710060E7F2 /* ScanService.swift in Sources */,
				26D38D42265800BF0060E7F2 /* ScanViewModel.swift in Sources */,
				26D38D352657FA610060E7F2 /* ScanCornerView.swift in Sources */,
				262D5350265B4C900015543E /* WKWebViewController+Javascript.swift in Sources */,
				2627CDC826575F3B00DC2C6D /* Cache.swift in Sources */,
				2627CDD526577E0400DC2C6D /* Keys.swift in Sources */,
				2627CDC326575EEA00DC2C6D /* AppServiceManager.swift in Sources */,
				2627CDD326577DEB00DC2C6D /* UIApplication+Extension.swift in Sources */,
			);
			runOnlyForDeploymentPostprocessing = 0;
		};
		2627CD9426575BA100DC2C6D /* Sources */ = {
			isa = PBXSourcesBuildPhase;
			buildActionMask = 2147483647;
			files = (
				2627CD9D26575BA100DC2C6D /* DriverTests.swift in Sources */,
			);
			runOnlyForDeploymentPostprocessing = 0;
		};
		2627CD9F26575BA100DC2C6D /* Sources */ = {
			isa = PBXSourcesBuildPhase;
			buildActionMask = 2147483647;
			files = (
				2627CDA826575BA100DC2C6D /* DriverUITests.swift in Sources */,
			);
			runOnlyForDeploymentPostprocessing = 0;
		};
/* End PBXSourcesBuildPhase section */

/* Begin PBXTargetDependency section */
		2627CD9A26575BA100DC2C6D /* PBXTargetDependency */ = {
			isa = PBXTargetDependency;
			target = 2627CD8126575B9D00DC2C6D /* Driver */;
			targetProxy = 2627CD9926575BA100DC2C6D /* PBXContainerItemProxy */;
		};
		2627CDA526575BA100DC2C6D /* PBXTargetDependency */ = {
			isa = PBXTargetDependency;
			target = 2627CD8126575B9D00DC2C6D /* Driver */;
			targetProxy = 2627CDA426575BA100DC2C6D /* PBXContainerItemProxy */;
		};
/* End PBXTargetDependency section */

/* Begin PBXVariantGroup section */
		2627CD8B26575B9D00DC2C6D /* Main.storyboard */ = {
			isa = PBXVariantGroup;
			children = (
				2627CD8C26575B9D00DC2C6D /* Base */,
			);
			name = Main.storyboard;
			sourceTree = "<group>";
		};
/* End PBXVariantGroup section */

/* Begin XCBuildConfiguration section */
		2627CDAA26575BA100DC2C6D /* Debug */ = {
			isa = XCBuildConfiguration;
			buildSettings = {
				ALWAYS_SEARCH_USER_PATHS = NO;
				CLANG_ANALYZER_NONNULL = YES;
				CLANG_ANALYZER_NUMBER_OBJECT_CONVERSION = YES_AGGRESSIVE;
				CLANG_CXX_LANGUAGE_STANDARD = "gnu++14";
				CLANG_CXX_LIBRARY = "libc++";
				CLANG_ENABLE_MODULES = YES;
				CLANG_ENABLE_OBJC_ARC = YES;
				CLANG_ENABLE_OBJC_WEAK = YES;
				CLANG_WARN_BLOCK_CAPTURE_AUTORELEASING = YES;
				CLANG_WARN_BOOL_CONVERSION = YES;
				CLANG_WARN_COMMA = YES;
				CLANG_WARN_CONSTANT_CONVERSION = YES;
				CLANG_WARN_DEPRECATED_OBJC_IMPLEMENTATIONS = YES;
				CLANG_WARN_DIRECT_OBJC_ISA_USAGE = YES_ERROR;
				CLANG_WARN_DOCUMENTATION_COMMENTS = YES;
				CLANG_WARN_EMPTY_BODY = YES;
				CLANG_WARN_ENUM_CONVERSION = YES;
				CLANG_WARN_INFINITE_RECURSION = YES;
				CLANG_WARN_INT_CONVERSION = YES;
				CLANG_WARN_NON_LITERAL_NULL_CONVERSION = YES;
				CLANG_WARN_OBJC_IMPLICIT_RETAIN_SELF = YES;
				CLANG_WARN_OBJC_LITERAL_CONVERSION = YES;
				CLANG_WARN_OBJC_ROOT_CLASS = YES_ERROR;
				CLANG_WARN_QUOTED_INCLUDE_IN_FRAMEWORK_HEADER = YES;
				CLANG_WARN_RANGE_LOOP_ANALYSIS = YES;
				CLANG_WARN_STRICT_PROTOTYPES = YES;
				CLANG_WARN_SUSPICIOUS_MOVE = YES;
				CLANG_WARN_UNGUARDED_AVAILABILITY = YES_AGGRESSIVE;
				CLANG_WARN_UNREACHABLE_CODE = YES;
				CLANG_WARN__DUPLICATE_METHOD_MATCH = YES;
				COPY_PHASE_STRIP = NO;
				DEBUG_INFORMATION_FORMAT = dwarf;
				ENABLE_STRICT_OBJC_MSGSEND = YES;
				ENABLE_TESTABILITY = YES;
				GCC_C_LANGUAGE_STANDARD = gnu11;
				GCC_DYNAMIC_NO_PIC = NO;
				GCC_NO_COMMON_BLOCKS = YES;
				GCC_OPTIMIZATION_LEVEL = 0;
				GCC_PREPROCESSOR_DEFINITIONS = (
					"DEBUG=1",
					"$(inherited)",
				);
				GCC_WARN_64_TO_32_BIT_CONVERSION = YES;
				GCC_WARN_ABOUT_RETURN_TYPE = YES_ERROR;
				GCC_WARN_UNDECLARED_SELECTOR = YES;
				GCC_WARN_UNINITIALIZED_AUTOS = YES_AGGRESSIVE;
				GCC_WARN_UNUSED_FUNCTION = YES;
				GCC_WARN_UNUSED_VARIABLE = YES;
				IPHONEOS_DEPLOYMENT_TARGET = 13.0;
				MTL_ENABLE_DEBUG_INFO = INCLUDE_SOURCE;
				MTL_FAST_MATH = YES;
				ONLY_ACTIVE_ARCH = YES;
				SDKROOT = iphoneos;
				SWIFT_ACTIVE_COMPILATION_CONDITIONS = DEBUG;
				SWIFT_OPTIMIZATION_LEVEL = "-Onone";
			};
			name = Debug;
		};
		2627CDAB26575BA100DC2C6D /* Release */ = {
			isa = XCBuildConfiguration;
			buildSettings = {
				ALWAYS_SEARCH_USER_PATHS = NO;
				CLANG_ANALYZER_NONNULL = YES;
				CLANG_ANALYZER_NUMBER_OBJECT_CONVERSION = YES_AGGRESSIVE;
				CLANG_CXX_LANGUAGE_STANDARD = "gnu++14";
				CLANG_CXX_LIBRARY = "libc++";
				CLANG_ENABLE_MODULES = YES;
				CLANG_ENABLE_OBJC_ARC = YES;
				CLANG_ENABLE_OBJC_WEAK = YES;
				CLANG_WARN_BLOCK_CAPTURE_AUTORELEASING = YES;
				CLANG_WARN_BOOL_CONVERSION = YES;
				CLANG_WARN_COMMA = YES;
				CLANG_WARN_CONSTANT_CONVERSION = YES;
				CLANG_WARN_DEPRECATED_OBJC_IMPLEMENTATIONS = YES;
				CLANG_WARN_DIRECT_OBJC_ISA_USAGE = YES_ERROR;
				CLANG_WARN_DOCUMENTATION_COMMENTS = YES;
				CLANG_WARN_EMPTY_BODY = YES;
				CLANG_WARN_ENUM_CONVERSION = YES;
				CLANG_WARN_INFINITE_RECURSION = YES;
				CLANG_WARN_INT_CONVERSION = YES;
				CLANG_WARN_NON_LITERAL_NULL_CONVERSION = YES;
				CLANG_WARN_OBJC_IMPLICIT_RETAIN_SELF = YES;
				CLANG_WARN_OBJC_LITERAL_CONVERSION = YES;
				CLANG_WARN_OBJC_ROOT_CLASS = YES_ERROR;
				CLANG_WARN_QUOTED_INCLUDE_IN_FRAMEWORK_HEADER = YES;
				CLANG_WARN_RANGE_LOOP_ANALYSIS = YES;
				CLANG_WARN_STRICT_PROTOTYPES = YES;
				CLANG_WARN_SUSPICIOUS_MOVE = YES;
				CLANG_WARN_UNGUARDED_AVAILABILITY = YES_AGGRESSIVE;
				CLANG_WARN_UNREACHABLE_CODE = YES;
				CLANG_WARN__DUPLICATE_METHOD_MATCH = YES;
				COPY_PHASE_STRIP = NO;
				DEBUG_INFORMATION_FORMAT = "dwarf-with-dsym";
				ENABLE_NS_ASSERTIONS = NO;
				ENABLE_STRICT_OBJC_MSGSEND = YES;
				GCC_C_LANGUAGE_STANDARD = gnu11;
				GCC_NO_COMMON_BLOCKS = YES;
				GCC_WARN_64_TO_32_BIT_CONVERSION = YES;
				GCC_WARN_ABOUT_RETURN_TYPE = YES_ERROR;
				GCC_WARN_UNDECLARED_SELECTOR = YES;
				GCC_WARN_UNINITIALIZED_AUTOS = YES_AGGRESSIVE;
				GCC_WARN_UNUSED_FUNCTION = YES;
				GCC_WARN_UNUSED_VARIABLE = YES;
				IPHONEOS_DEPLOYMENT_TARGET = 13.0;
				MTL_ENABLE_DEBUG_INFO = NO;
				MTL_FAST_MATH = YES;
				SDKROOT = iphoneos;
				SWIFT_COMPILATION_MODE = wholemodule;
				SWIFT_OPTIMIZATION_LEVEL = "-O";
				VALIDATE_PRODUCT = YES;
			};
			name = Release;
		};
		2627CDAD26575BA100DC2C6D /* Debug */ = {
			isa = XCBuildConfiguration;
			baseConfigurationReference = A1415C005A483E58598D17B2 /* Pods-Driver.debug.xcconfig */;
			buildSettings = {
				ASSETCATALOG_COMPILER_APPICON_NAME = AppIcon;
				ASSETCATALOG_COMPILER_GLOBAL_ACCENT_COLOR_NAME = AccentColor;
				ASSETCATALOG_COMPILER_LAUNCHIMAGE_NAME = LaunchImage;
				CODE_SIGN_ENTITLEMENTS = Driver/Driver.entitlements;
				CODE_SIGN_STYLE = Automatic;
				DEVELOPMENT_TEAM = 5SUA6AM43M;
				INFOPLIST_FILE = Driver/Info.plist;
				IPHONEOS_DEPLOYMENT_TARGET = 13.0;
				LD_RUNPATH_SEARCH_PATHS = (
					"$(inherited)",
					"@executable_path/Frameworks",
				);
				PRODUCT_BUNDLE_IDENTIFIER = com.dmdkj.driver;
				PRODUCT_NAME = "$(TARGET_NAME)";
				SWIFT_GEN_INPUT = Driver;
				SWIFT_OBJC_BRIDGING_HEADER = "Driver/Driver-Bridging-Header.h";
				SWIFT_VERSION = 5.0;
				TARGETED_DEVICE_FAMILY = 1;
			};
			name = Debug;
		};
		2627CDAE26575BA100DC2C6D /* Release */ = {
			isa = XCBuildConfiguration;
			baseConfigurationReference = 15CA4C88121196485106CEB1 /* Pods-Driver.release.xcconfig */;
			buildSettings = {
				ASSETCATALOG_COMPILER_APPICON_NAME = AppIcon;
				ASSETCATALOG_COMPILER_GLOBAL_ACCENT_COLOR_NAME = AccentColor;
				ASSETCATALOG_COMPILER_LAUNCHIMAGE_NAME = LaunchImage;
				CODE_SIGN_ENTITLEMENTS = Driver/Driver.entitlements;
				CODE_SIGN_STYLE = Automatic;
				DEVELOPMENT_TEAM = 5SUA6AM43M;
				INFOPLIST_FILE = Driver/Info.plist;
				IPHONEOS_DEPLOYMENT_TARGET = 13.0;
				LD_RUNPATH_SEARCH_PATHS = (
					"$(inherited)",
					"@executable_path/Frameworks",
				);
				PRODUCT_BUNDLE_IDENTIFIER = com.dmdkj.driver;
				PRODUCT_NAME = "$(TARGET_NAME)";
				SWIFT_GEN_INPUT = Driver;
				SWIFT_OBJC_BRIDGING_HEADER = "Driver/Driver-Bridging-Header.h";
				SWIFT_VERSION = 5.0;
				TARGETED_DEVICE_FAMILY = 1;
			};
			name = Release;
		};
		2627CDB026575BA200DC2C6D /* Debug */ = {
			isa = XCBuildConfiguration;
			baseConfigurationReference = 02BFB3E84C1A401C80CF19F9 /* Pods-DriverTests.debug.xcconfig */;
			buildSettings = {
				ALWAYS_EMBED_SWIFT_STANDARD_LIBRARIES = "$(inherited)";
				BUNDLE_LOADER = "$(TEST_HOST)";
				CODE_SIGN_STYLE = Automatic;
				DEVELOPMENT_TEAM = 5SUA6AM43M;
				INFOPLIST_FILE = DriverTests/Info.plist;
				IPHONEOS_DEPLOYMENT_TARGET = 14.5;
				LD_RUNPATH_SEARCH_PATHS = (
					"$(inherited)",
					"@executable_path/Frameworks",
					"@loader_path/Frameworks",
				);
				PRODUCT_BUNDLE_IDENTIFIER = com.dmd56.driver.DriverTests;
				PRODUCT_NAME = "$(TARGET_NAME)";
				SWIFT_VERSION = 5.0;
				TARGETED_DEVICE_FAMILY = "1,2";
				TEST_HOST = "$(BUILT_PRODUCTS_DIR)/Driver.app/Driver";
			};
			name = Debug;
		};
		2627CDB126575BA200DC2C6D /* Release */ = {
			isa = XCBuildConfiguration;
			baseConfigurationReference = 3085E4A9EE7A8F97A4EAD3E5 /* Pods-DriverTests.release.xcconfig */;
			buildSettings = {
				ALWAYS_EMBED_SWIFT_STANDARD_LIBRARIES = "$(inherited)";
				BUNDLE_LOADER = "$(TEST_HOST)";
				CODE_SIGN_STYLE = Automatic;
				DEVELOPMENT_TEAM = 5SUA6AM43M;
				INFOPLIST_FILE = DriverTests/Info.plist;
				IPHONEOS_DEPLOYMENT_TARGET = 14.5;
				LD_RUNPATH_SEARCH_PATHS = (
					"$(inherited)",
					"@executable_path/Frameworks",
					"@loader_path/Frameworks",
				);
				PRODUCT_BUNDLE_IDENTIFIER = com.dmd56.driver.DriverTests;
				PRODUCT_NAME = "$(TARGET_NAME)";
				SWIFT_VERSION = 5.0;
				TARGETED_DEVICE_FAMILY = "1,2";
				TEST_HOST = "$(BUILT_PRODUCTS_DIR)/Driver.app/Driver";
			};
			name = Release;
		};
		2627CDB326575BA200DC2C6D /* Debug */ = {
			isa = XCBuildConfiguration;
			baseConfigurationReference = 03828C638324E97FE2CC3109 /* Pods-Driver-DriverUITests.debug.xcconfig */;
			buildSettings = {
				ALWAYS_EMBED_SWIFT_STANDARD_LIBRARIES = "$(inherited)";
				CODE_SIGN_STYLE = Automatic;
				DEVELOPMENT_TEAM = 5SUA6AM43M;
				INFOPLIST_FILE = DriverUITests/Info.plist;
				LD_RUNPATH_SEARCH_PATHS = (
					"$(inherited)",
					"@executable_path/Frameworks",
					"@loader_path/Frameworks",
				);
				PRODUCT_BUNDLE_IDENTIFIER = com.dmd56.driver.DriverUITests;
				PRODUCT_NAME = "$(TARGET_NAME)";
				SWIFT_VERSION = 5.0;
				TARGETED_DEVICE_FAMILY = "1,2";
				TEST_TARGET_NAME = Driver;
			};
			name = Debug;
		};
		2627CDB426575BA200DC2C6D /* Release */ = {
			isa = XCBuildConfiguration;
			baseConfigurationReference = DA8A5BC09346C83BA6C6AC5E /* Pods-Driver-DriverUITests.release.xcconfig */;
			buildSettings = {
				ALWAYS_EMBED_SWIFT_STANDARD_LIBRARIES = "$(inherited)";
				CODE_SIGN_STYLE = Automatic;
				DEVELOPMENT_TEAM = 5SUA6AM43M;
				INFOPLIST_FILE = DriverUITests/Info.plist;
				LD_RUNPATH_SEARCH_PATHS = (
					"$(inherited)",
					"@executable_path/Frameworks",
					"@loader_path/Frameworks",
				);
				PRODUCT_BUNDLE_IDENTIFIER = com.dmd56.driver.DriverUITests;
				PRODUCT_NAME = "$(TARGET_NAME)";
				SWIFT_VERSION = 5.0;
				TARGETED_DEVICE_FAMILY = "1,2";
				TEST_TARGET_NAME = Driver;
			};
			name = Release;
		};
/* End XCBuildConfiguration section */

/* Begin XCConfigurationList section */
		2627CD7D26575B9D00DC2C6D /* Build configuration list for PBXProject "Driver" */ = {
			isa = XCConfigurationList;
			buildConfigurations = (
				2627CDAA26575BA100DC2C6D /* Debug */,
				2627CDAB26575BA100DC2C6D /* Release */,
			);
			defaultConfigurationIsVisible = 0;
			defaultConfigurationName = Release;
		};
		2627CDAC26575BA100DC2C6D /* Build configuration list for PBXNativeTarget "Driver" */ = {
			isa = XCConfigurationList;
			buildConfigurations = (
				2627CDAD26575BA100DC2C6D /* Debug */,
				2627CDAE26575BA100DC2C6D /* Release */,
			);
			defaultConfigurationIsVisible = 0;
			defaultConfigurationName = Release;
		};
		2627CDAF26575BA200DC2C6D /* Build configuration list for PBXNativeTarget "DriverTests" */ = {
			isa = XCConfigurationList;
			buildConfigurations = (
				2627CDB026575BA200DC2C6D /* Debug */,
				2627CDB126575BA200DC2C6D /* Release */,
			);
			defaultConfigurationIsVisible = 0;
			defaultConfigurationName = Release;
		};
		2627CDB226575BA200DC2C6D /* Build configuration list for PBXNativeTarget "DriverUITests" */ = {
			isa = XCConfigurationList;
			buildConfigurations = (
				2627CDB326575BA200DC2C6D /* Debug */,
				2627CDB426575BA200DC2C6D /* Release */,
			);
			defaultConfigurationIsVisible = 0;
			defaultConfigurationName = Release;
		};
/* End XCConfigurationList section */
	};
	rootObject = 2627CD7A26575B9D00DC2C6D /* Project object */;
}
